
Microsoft Visual Studio Solution File, Format Version 12.00
Project("{FAE04EC0-301F-11D3-BF4B-00C04F79EFBC}") = "ToDoAPI", "ToDoAPI\ToDoAPI.csproj", "{19F58C1E-8030-4AF2-91B6-8A801B2ED82C}"
EndProject
Global
	GlobalSection(SolutionConfigurationPlatforms) = preSolution
		Debug|Any CPU = Debug|Any CPU
		Release|Any CPU = Release|Any CPU
	EndGlobalSection
	GlobalSection(ProjectConfigurationPlatforms) = postSolution
		{19F58C1E-8030-4AF2-91B6-8A801B2ED82C}.Debug|Any CPU.ActiveCfg = Debug|Any CPU
		{19F58C1E-8030-4AF2-91B6-8A801B2ED82C}.Debug|Any CPU.Build.0 = Debug|Any CPU
		{19F58C1E-8030-4AF2-91B6-8A801B2ED82C}.Release|Any CPU.ActiveCfg = Release|Any CPU
		{19F58C1E-8030-4AF2-91B6-8A801B2ED82C}.Release|Any CPU.Build.0 = Release|Any CPU
	EndGlobalSection
EndGlobal
